
Microsoft Visual Studio Solution File, Format Version 12.00
# Visual Studio 15
VisualStudioVersion = 15.0.28307.902
MinimumVisualStudioVersion = 10.0.40219.1
Project("{FAE04EC0-301F-11D3-BF4B-00C04F79EFBC}") = "Distance_Measuring", "Distance_Measuring\Distance_Measuring.csproj", "{390BA567-2BD7-43D4-B1F6-C8AFA556A8DE}"
EndProject
Global
	GlobalSection(SolutionConfigurationPlatforms) = preSolution
		Debug|Any CPU = Debug|Any CPU
		Release|Any CPU = Release|Any CPU
	EndGlobalSection
	GlobalSection(ProjectConfigurationPlatforms) = postSolution
		{390BA567-2BD7-43D4-B1F6-C8AFA556A8DE}.Debug|Any CPU.ActiveCfg = Debug|Any CPU
		{390BA567-2BD7-43D4-B1F6-C8AFA556A8DE}.Debug|Any CPU.Build.0 = Debug|Any CPU
		{390BA567-2BD7-43D4-B1F6-C8AFA556A8DE}.Release|Any CPU.ActiveCfg = Release|Any CPU
		{390BA567-2BD7-43D4-B1F6-C8AFA556A8DE}.Release|Any CPU.Build.0 = Release|Any CPU
	EndGlobalSection
	GlobalSection(SolutionProperties) = preSolution
		HideSolutionNode = FALSE
	EndGlobalSection
	GlobalSection(ExtensibilityGlobals) = postSolution
		SolutionGuid = {38B9EF51-463C-40D9-AA39-2DD3665A082E}
	EndGlobalSection
EndGlobal
